Microsoft Visual Studio Solution File, Format Version 11.00
# Visual Studio 2008

Project("{24D2EF9B-21D7-6982-6D11-354C140C40C4}") = "Lifebar", "Assembly-CSharp.csproj", "{B0506FD7-CB7D-7A0F-914F-4687888F2B93}"
EndProject
Global
	GlobalSection(SolutionConfigurationPlatforms) = preSolution
		Debug|Any CPU = Debug|Any CPU
		Release|Any CPU = Release|Any CPU
	EndGlobalSection
	GlobalSection(ProjectConfigurationPlatforms) = postSolution
		{B0506FD7-CB7D-7A0F-914F-4687888F2B93}.Debug|Any CPU.ActiveCfg = Debug|Any CPU
		{B0506FD7-CB7D-7A0F-914F-4687888F2B93}.Debug|Any CPU.Build.0 = Debug|Any CPU
		{B0506FD7-CB7D-7A0F-914F-4687888F2B93}.Release|Any CPU.ActiveCfg = Release|Any CPU
		{B0506FD7-CB7D-7A0F-914F-4687888F2B93}.Release|Any CPU.Build.0 = Release|Any CPU
	EndGlobalSection
	GlobalSection(SolutionProperties) = preSolution
		HideSolutionNode = FALSE
	EndGlobalSection
	GlobalSection(MonoDevelopProperties) = preSolution
		StartupItem = Assembly-CSharp.csproj
	EndGlobalSection
EndGlobal
