
Microsoft Visual Studio Solution File, Format Version 12.00
# Visual Studio 2015
Project("{FAE04EC0-301F-11D3-BF4B-00C04F79EFBC}") = "Electrons.CSharp", "Electrons.CSharp.csproj", "{9567F550-471E-4A51-F1B6-6D32B5F7E8DA}"
EndProject
Global
	GlobalSection(SolutionConfigurationPlatforms) = preSolution
		Debug|Any CPU = Debug|Any CPU
		Release|Any CPU = Release|Any CPU
	EndGlobalSection
	GlobalSection(ProjectConfigurationPlatforms) = postSolution
		{9567F550-471E-4A51-F1B6-6D32B5F7E8DA}.Debug|Any CPU.ActiveCfg = Debug|Any CPU
		{9567F550-471E-4A51-F1B6-6D32B5F7E8DA}.Debug|Any CPU.Build.0 = Debug|Any CPU
		{9567F550-471E-4A51-F1B6-6D32B5F7E8DA}.Release|Any CPU.ActiveCfg = Release|Any CPU
		{9567F550-471E-4A51-F1B6-6D32B5F7E8DA}.Release|Any CPU.Build.0 = Release|Any CPU
	EndGlobalSection
	GlobalSection(SolutionProperties) = preSolution
		HideSolutionNode = FALSE
	EndGlobalSection
EndGlobal
